<?xml version="1.0" encoding="UTF-8"?>
<Scheme
   LastUpgradeVersion = "1020"
   version = "1.3">
   <BuildAction
      parallelizeBuildables = "YES"
      buildImplicitDependencies = "YES">
   </BuildAction>
   <TestAction
      buildConfiguration = "Debug"
      selectedDebuggerIdentifier = "Xcode.DebuggerFoundation.Debugger.LLDB"
      selectedLauncherIdentifier = "Xcode.DebuggerFoundation.Launcher.LLDB"
      codeCoverageEnabled = "YES"
      onlyGenerateCoverageForSpecifiedTargets = "YES"
      shouldUseLaunchSchemeArgsEnv = "YES">
      <CodeCoverageTargets>
         <BuildableReference
            BuildableIdentifier = "primary"
            BlueprintIdentifier = "F762CA8C22619C5C00947AED"
            BuildableName = "FootballGather.app"
            BlueprintName = "FootballGather"
            ReferencedContainer = "container:FootballGather.xcodeproj">
         </BuildableReference>
      </CodeCoverageTargets>
      <Testables>
         <TestableReference
            skipped = "NO">
            <BuildableReference
               BuildableIdentifier = "primary"
               BlueprintIdentifier = "F762CAA322619C5E00947AED"
               BuildableName = "FootballGatherTests.xctest"
               BlueprintName = "FootballGatherTests"
               ReferencedContainer = "container:FootballGather.xcodeproj">
            </BuildableReference>
            <SkippedTests>
               <Test
                  Identifier = "AddPlayerToGatherServiceTests">
               </Test>
               <Test
                  Identifier = "CreateGatherServiceTests">
               </Test>
               <Test
                  Identifier = "CreatePlayersServiceTests">
               </Test>
               <Test
                  Identifier = "CreateUserServiceTests">
               </Test>
               <Test
                  Identifier = "DeleteGatherServiceTests">
               </Test>
               <Test
                  Identifier = "DeletePlayerServiceTests">
               </Test>
               <Test
                  Identifier = "GetGathersServiceTests">
               </Test>
               <Test
                  Identifier = "GetPlayersForGatherServiceTests">
               </Test>
               <Test
                  Identifier = "GetPlayersServiceTests">
               </Test>
               <Test
                  Identifier = "LoginServiceTests">
               </Test>
               <Test
                  Identifier = "UpdateGatherServiceTests">
               </Test>
               <Test
                  Identifier = "UpdatePlayerServiceTests">
               </Test>
            </SkippedTests>
         </TestableReference>
      </Testables>
      <MacroExpansion>
         <BuildableReference
            BuildableIdentifier = "primary"
            BlueprintIdentifier = "F762CA8C22619C5C00947AED"
            BuildableName = "FootballGather.app"
            BlueprintName = "FootballGather"
            ReferencedContainer = "container:FootballGather.xcodeproj">
         </BuildableReference>
      </MacroExpansion>
      <AdditionalOptions>
      </AdditionalOptions>
   </TestAction>
   <LaunchAction
      buildConfiguration = "Debug"
      selectedDebuggerIdentifier = "Xcode.DebuggerFoundation.Debugger.LLDB"
      selectedLauncherIdentifier = "Xcode.DebuggerFoundation.Launcher.LLDB"
      launchStyle = "0"
      useCustomWorkingDirectory = "NO"
      ignoresPersistentStateOnLaunch = "NO"
      debugDocumentVersioning = "YES"
      debugServiceExtension = "internal"
      allowLocationSimulation = "YES">
      <BuildableProductRunnable
         runnableDebuggingMode = "0">
         <BuildableReference
            BuildableIdentifier = "primary"
            BlueprintIdentifier = "F762CA8C22619C5C00947AED"
            BuildableName = "FootballGather.app"
            BlueprintName = "FootballGather"
            ReferencedContainer = "container:FootballGather.xcodeproj">
         </BuildableReference>
      </BuildableProductRunnable>
      <AdditionalOptions>
      </AdditionalOptions>
   </LaunchAction>
   <ProfileAction
      buildConfiguration = "Release"
      shouldUseLaunchSchemeArgsEnv = "YES"
      savedToolIdentifier = ""
      useCustomWorkingDirectory = "NO"
      debugDocumentVersioning = "YES">
   </ProfileAction>
   <AnalyzeAction
      buildConfiguration = "Debug">
   </AnalyzeAction>
   <ArchiveAction
      buildConfiguration = "Release"
      revealArchiveInOrganizer = "YES">
   </ArchiveAction>
</Scheme>
