// !$*UTF8*$!
{
	archiveVersion = 1;
	classes = {
	};
	objectVersion = 50;
	objects = {

/* Begin PBXBuildFile section */
		F7034C4522890DF40003F506 /* FootballGatherUserDefaults.swift in Sources */ = {isa = PBXBuildFile; fileRef = F7034C4422890DF40003F506 /* FootballGatherUserDefaults.swift */; };
		F7034C4722890E340003F506 /* UserDefaultsWrapper.swift in Sources */ = {isa = PBXBuildFile; fileRef = F7034C4622890E340003F506 /* UserDefaultsWrapper.swift */; };
		F7034C4A2289192E0003F506 /* KeychainQueryFactoryTests.swift in Sources */ = {isa = PBXBuildFile; fileRef = F7034C492289192E0003F506 /* KeychainQueryFactoryTests.swift */; };
		F7034C5A22891C1B0003F506 /* Gather.swift in Sources */ = {isa = PBXBuildFile; fileRef = F7034C4F22891C120003F506 /* Gather.swift */; };
		F7034C5B22891C1B0003F506 /* User.swift in Sources */ = {isa = PBXBuildFile; fileRef = F7034C4D22891C120003F506 /* User.swift */; };
		F7034C5C22891C1B0003F506 /* Player.swift in Sources */ = {isa = PBXBuildFile; fileRef = F7034C4B22891C120003F506 /* Player.swift */; };
		F7034C76228920AD0003F506 /* KeychainWrapperTests.swift in Sources */ = {isa = PBXBuildFile; fileRef = F7034C75228920AD0003F506 /* KeychainWrapperTests.swift */; };
		F7034C7A228A79060003F506 /* FootbalGatherKeychainTests.swift in Sources */ = {isa = PBXBuildFile; fileRef = F7034C79228A79060003F506 /* FootbalGatherKeychainTests.swift */; };
		F7034C7C228A7BA00003F506 /* UserDefaultsWrapperTests.swift in Sources */ = {isa = PBXBuildFile; fileRef = F7034C7B228A7BA00003F506 /* UserDefaultsWrapperTests.swift */; };
		F7034C7E228A9CC70003F506 /* FootballGatherUserDefaultsTests.swift in Sources */ = {isa = PBXBuildFile; fileRef = F7034C7D228A9CC70003F506 /* FootballGatherUserDefaultsTests.swift */; };
		F762CA9122619C5C00947AED /* AppDelegate.swift in Sources */ = {isa = PBXBuildFile; fileRef = F762CA9022619C5C00947AED /* AppDelegate.swift */; };
		F762CA9322619C5C00947AED /* ViewController.swift in Sources */ = {isa = PBXBuildFile; fileRef = F762CA9222619C5C00947AED /* ViewController.swift */; };
		F762CA9622619C5C00947AED /* Main.storyboard in Resources */ = {isa = PBXBuildFile; fileRef = F762CA9422619C5C00947AED /* Main.storyboard */; };
		F762CA9922619C5C00947AED /* FootballGather.xcdatamodeld in Sources */ = {isa = PBXBuildFile; fileRef = F762CA9722619C5C00947AED /* FootballGather.xcdatamodeld */; };
		F762CA9B22619C5E00947AED /* Assets.xcassets in Resources */ = {isa = PBXBuildFile; fileRef = F762CA9A22619C5E00947AED /* Assets.xcassets */; };
		F762CA9E22619C5E00947AED /* LaunchScreen.storyboard in Resources */ = {isa = PBXBuildFile; fileRef = F762CA9C22619C5E00947AED /* LaunchScreen.storyboard */; };
		F762CAC82261A23300947AED /* CoreDataStore.swift in Sources */ = {isa = PBXBuildFile; fileRef = F762CAC72261A23300947AED /* CoreDataStore.swift */; };
		F772265522620F8600445F67 /* CreateUserService.swift in Sources */ = {isa = PBXBuildFile; fileRef = F772265422620F8600445F67 /* CreateUserService.swift */; };
		F77226592262248800445F67 /* NetworkSession.swift in Sources */ = {isa = PBXBuildFile; fileRef = F77226582262248800445F67 /* NetworkSession.swift */; };
		F782C8932261D7F90045EB2C /* CoreDataStoreTests.swift in Sources */ = {isa = PBXBuildFile; fileRef = F782C8922261D7F90045EB2C /* CoreDataStoreTests.swift */; };
		F782C8962261E11C0045EB2C /* CoreDataStoreMock.swift in Sources */ = {isa = PBXBuildFile; fileRef = F782C8952261E11C0045EB2C /* CoreDataStoreMock.swift */; };
		F782C8982261EC3E0045EB2C /* TestConfigurator.swift in Sources */ = {isa = PBXBuildFile; fileRef = F782C8972261EC3E0045EB2C /* TestConfigurator.swift */; };
		F782C8992261F4640045EB2C /* FootballGather.xcdatamodeld in Sources */ = {isa = PBXBuildFile; fileRef = F762CA9722619C5C00947AED /* FootballGather.xcdatamodeld */; };
		F7ABD0B02264702200AAEA87 /* LoginService.swift in Sources */ = {isa = PBXBuildFile; fileRef = F7ABD0AF2264702200AAEA87 /* LoginService.swift */; };
		F7ABD0B322648CCE00AAEA87 /* FootballGatherKeychain.swift in Sources */ = {isa = PBXBuildFile; fileRef = F7ABD0B222648CCE00AAEA87 /* FootballGatherKeychain.swift */; };
		F7BF3B4D227ED0C600F33913 /* KeyValueStorage.swift in Sources */ = {isa = PBXBuildFile; fileRef = F7BF3B4C227ED0C600F33913 /* KeyValueStorage.swift */; };
		F7BF3B4F2280575E00F33913 /* KeychainWrapper.swift in Sources */ = {isa = PBXBuildFile; fileRef = F7BF3B4E2280575E00F33913 /* KeychainWrapper.swift */; };
		F7BF3B5122805BA300F33913 /* KeychainQueryFactory.swift in Sources */ = {isa = PBXBuildFile; fileRef = F7BF3B5022805BA300F33913 /* KeychainQueryFactory.swift */; };
		F7D0B7AF22632F310059AA51 /* GetPlayersService.swift in Sources */ = {isa = PBXBuildFile; fileRef = F7D0B7AE22632F310059AA51 /* GetPlayersService.swift */; };
		F7E0D91F22644534002F4CE1 /* URLRequestFactory.swift in Sources */ = {isa = PBXBuildFile; fileRef = F7E0D91E22644534002F4CE1 /* URLRequestFactory.swift */; };
/* End PBXBuildFile section */

/* Begin PBXContainerItemProxy section */
		F762CAA522619C5E00947AED /* PBXContainerItemProxy */ = {
			isa = PBXContainerItemProxy;
			containerPortal = F762CA8522619C5C00947AED /* Project object */;
			proxyType = 1;
			remoteGlobalIDString = F762CA8C22619C5C00947AED;
			remoteInfo = FootballGather;
		};
/* End PBXContainerItemProxy section */

/* Begin PBXFileReference section */
		F7034C4422890DF40003F506 /* FootballGatherUserDefaults.swift */ = {isa = PBXFileReference; lastKnownFileType = sourcecode.swift; path = FootballGatherUserDefaults.swift; sourceTree = "<group>"; };
		F7034C4622890E340003F506 /* UserDefaultsWrapper.swift */ = {isa = PBXFileReference; lastKnownFileType = sourcecode.swift; path = UserDefaultsWrapper.swift; sourceTree = "<group>"; };
		F7034C492289192E0003F506 /* KeychainQueryFactoryTests.swift */ = {isa = PBXFileReference; lastKnownFileType = sourcecode.swift; name = KeychainQueryFactoryTests.swift; path = FootballGatherTests/Storage/KeychainQueryFactoryTests.swift; sourceTree = SOURCE_ROOT; };
		F7034C4B22891C120003F506 /* Player.swift */ = {isa = PBXFileReference; lastKnownFileType = sourcecode.swift; path = Player.swift; sourceTree = "<group>"; };
		F7034C4D22891C120003F506 /* User.swift */ = {isa = PBXFileReference; lastKnownFileType = sourcecode.swift; path = User.swift; sourceTree = "<group>"; };
		F7034C4F22891C120003F506 /* Gather.swift */ = {isa = PBXFileReference; lastKnownFileType = sourcecode.swift; path = Gather.swift; sourceTree = "<group>"; };
		F7034C6322891F670003F506 /* AppDelegate.swift */ = {isa = PBXFileReference; lastKnownFileType = sourcecode.swift; path = AppDelegate.swift; sourceTree = "<group>"; };
		F7034C6F22891F690003F506 /* Info.plist */ = {isa = PBXFileReference; lastKnownFileType = text.plist.xml; path = Info.plist; sourceTree = "<group>"; };
		F7034C75228920AD0003F506 /* KeychainWrapperTests.swift */ = {isa = PBXFileReference; lastKnownFileType = sourcecode.swift; path = KeychainWrapperTests.swift; sourceTree = "<group>"; };
		F7034C79228A79060003F506 /* FootbalGatherKeychainTests.swift */ = {isa = PBXFileReference; lastKnownFileType = sourcecode.swift; path = FootbalGatherKeychainTests.swift; sourceTree = "<group>"; };
		F7034C7B228A7BA00003F506 /* UserDefaultsWrapperTests.swift */ = {isa = PBXFileReference; lastKnownFileType = sourcecode.swift; path = UserDefaultsWrapperTests.swift; sourceTree = "<group>"; };
		F7034C7D228A9CC70003F506 /* FootballGatherUserDefaultsTests.swift */ = {isa = PBXFileReference; lastKnownFileType = sourcecode.swift; path = FootballGatherUserDefaultsTests.swift; sourceTree = "<group>"; };
		F762CA8D22619C5C00947AED /* FootballGather.app */ = {isa = PBXFileReference; explicitFileType = wrapper.application; includeInIndex = 0; path = FootballGather.app; sourceTree = BUILT_PRODUCTS_DIR; };
		F762CA9022619C5C00947AED /* AppDelegate.swift */ = {isa = PBXFileReference; lastKnownFileType = sourcecode.swift; path = AppDelegate.swift; sourceTree = "<group>"; };
		F762CA9222619C5C00947AED /* ViewController.swift */ = {isa = PBXFileReference; lastKnownFileType = sourcecode.swift; path = ViewController.swift; sourceTree = "<group>"; };
		F762CA9522619C5C00947AED /* Base */ = {isa = PBXFileReference; lastKnownFileType = file.storyboard; name = Base; path = Base.lproj/Main.storyboard; sourceTree = "<group>"; };
		F762CA9822619C5C00947AED /* FootballGather.xcdatamodel */ = {isa = PBXFileReference; lastKnownFileType = wrapper.xcdatamodel; path = FootballGather.xcdatamodel; sourceTree = "<group>"; };
		F762CA9A22619C5E00947AED /* Assets.xcassets */ = {isa = PBXFileReference; lastKnownFileType = folder.assetcatalog; path = Assets.xcassets; sourceTree = "<group>"; };
		F762CA9D22619C5E00947AED /* Base */ = {isa = PBXFileReference; lastKnownFileType = file.storyboard; name = Base; path = Base.lproj/LaunchScreen.storyboard; sourceTree = "<group>"; };
		F762CA9F22619C5E00947AED /* Info.plist */ = {isa = PBXFileReference; lastKnownFileType = text.plist.xml; path = Info.plist; sourceTree = "<group>"; };
		F762CAA422619C5E00947AED /* FootballGatherTests.xctest */ = {isa = PBXFileReference; explicitFileType = wrapper.cfbundle; includeInIndex = 0; path = FootballGatherTests.xctest; sourceTree = BUILT_PRODUCTS_DIR; };
		F762CAAA22619C5E00947AED /* Info.plist */ = {isa = PBXFileReference; lastKnownFileType = text.plist.xml; path = Info.plist; sourceTree = "<group>"; };
		F762CAC72261A23300947AED /* CoreDataStore.swift */ = {isa = PBXFileReference; lastKnownFileType = sourcecode.swift; path = CoreDataStore.swift; sourceTree = "<group>"; };
		F772265422620F8600445F67 /* CreateUserService.swift */ = {isa = PBXFileReference; lastKnownFileType = sourcecode.swift; path = CreateUserService.swift; sourceTree = "<group>"; };
		F77226582262248800445F67 /* NetworkSession.swift */ = {isa = PBXFileReference; lastKnownFileType = sourcecode.swift; path = NetworkSession.swift; sourceTree = "<group>"; };
		F782C8922261D7F90045EB2C /* CoreDataStoreTests.swift */ = {isa = PBXFileReference; lastKnownFileType = sourcecode.swift; path = CoreDataStoreTests.swift; sourceTree = "<group>"; };
		F782C8952261E11C0045EB2C /* CoreDataStoreMock.swift */ = {isa = PBXFileReference; lastKnownFileType = sourcecode.swift; path = CoreDataStoreMock.swift; sourceTree = "<group>"; };
		F782C8972261EC3E0045EB2C /* TestConfigurator.swift */ = {isa = PBXFileReference; lastKnownFileType = sourcecode.swift; path = TestConfigurator.swift; sourceTree = "<group>"; };
		F7ABD0AF2264702200AAEA87 /* LoginService.swift */ = {isa = PBXFileReference; lastKnownFileType = sourcecode.swift; path = LoginService.swift; sourceTree = "<group>"; };
		F7ABD0B222648CCE00AAEA87 /* FootballGatherKeychain.swift */ = {isa = PBXFileReference; lastKnownFileType = sourcecode.swift; path = FootballGatherKeychain.swift; sourceTree = "<group>"; };
		F7BF3B4C227ED0C600F33913 /* KeyValueStorage.swift */ = {isa = PBXFileReference; lastKnownFileType = sourcecode.swift; path = KeyValueStorage.swift; sourceTree = "<group>"; };
		F7BF3B4E2280575E00F33913 /* KeychainWrapper.swift */ = {isa = PBXFileReference; lastKnownFileType = sourcecode.swift; path = KeychainWrapper.swift; sourceTree = "<group>"; };
		F7BF3B5022805BA300F33913 /* KeychainQueryFactory.swift */ = {isa = PBXFileReference; lastKnownFileType = sourcecode.swift; path = KeychainQueryFactory.swift; sourceTree = "<group>"; };
		F7D0B7AE22632F310059AA51 /* GetPlayersService.swift */ = {isa = PBXFileReference; lastKnownFileType = sourcecode.swift; path = GetPlayersService.swift; sourceTree = "<group>"; };
		F7E0D91E22644534002F4CE1 /* URLRequestFactory.swift */ = {isa = PBXFileReference; lastKnownFileType = sourcecode.swift; path = URLRequestFactory.swift; sourceTree = "<group>"; };
/* End PBXFileReference section */

/* Begin PBXFrameworksBuildPhase section */
		F762CA8A22619C5C00947AED /* Frameworks */ = {
			isa = PBXFrameworksBuildPhase;
			buildActionMask = 2147483647;
			files = (
			);
			runOnlyForDeploymentPostprocessing = 0;
		};
		F762CAA122619C5E00947AED /* Frameworks */ = {
			isa = PBXFrameworksBuildPhase;
			buildActionMask = 2147483647;
			files = (
			);
			runOnlyForDeploymentPostprocessing = 0;
		};
/* End PBXFrameworksBuildPhase section */

/* Begin PBXGroup section */
		F7034C48228918700003F506 /* Storage */ = {
			isa = PBXGroup;
			children = (
				F7034C492289192E0003F506 /* KeychainQueryFactoryTests.swift */,
				F7034C75228920AD0003F506 /* KeychainWrapperTests.swift */,
				F7034C79228A79060003F506 /* FootbalGatherKeychainTests.swift */,
				F7034C7B228A7BA00003F506 /* UserDefaultsWrapperTests.swift */,
				F7034C7D228A9CC70003F506 /* FootballGatherUserDefaultsTests.swift */,
			);
			path = Storage;
			sourceTree = "<group>";
		};
		F7034C6222891F670003F506 /* FootballGatherHostApp */ = {
			isa = PBXGroup;
			children = (
				F7034C6322891F670003F506 /* AppDelegate.swift */,
				F7034C6F22891F690003F506 /* Info.plist */,
			);
			path = FootballGatherHostApp;
			sourceTree = "<group>";
		};
		F762CA8422619C5C00947AED = {
			isa = PBXGroup;
			children = (
				F762CA8F22619C5C00947AED /* FootballGather */,
				F762CAA722619C5E00947AED /* FootballGatherTests */,
				F7034C6222891F670003F506 /* FootballGatherHostApp */,
				F762CA8E22619C5C00947AED /* Products */,
			);
			sourceTree = "<group>";
		};
		F762CA8E22619C5C00947AED /* Products */ = {
			isa = PBXGroup;
			children = (
				F762CA8D22619C5C00947AED /* FootballGather.app */,
				F762CAA422619C5E00947AED /* FootballGatherTests.xctest */,
			);
			name = Products;
			sourceTree = "<group>";
		};
		F762CA8F22619C5C00947AED /* FootballGather */ = {
			isa = PBXGroup;
			children = (
				F762CA9022619C5C00947AED /* AppDelegate.swift */,
				F7ABD0B122648C9F00AAEA87 /* Storage */,
				F772265322620DD000445F67 /* Networking */,
				F762CAB622619C9200947AED /* Supporting files */,
				F762CAB522619C8D00947AED /* Models */,
				F762CAB422619C8900947AED /* Views */,
				F762CAB322619C7F00947AED /* ViewControllers */,
			);
			path = FootballGather;
			sourceTree = "<group>";
		};
		F762CAA722619C5E00947AED /* FootballGatherTests */ = {
			isa = PBXGroup;
			children = (
				F782C8942261E10F0045EB2C /* Mocks */,
				F782C8912261D7AD0045EB2C /* CoreData */,
				F7034C48228918700003F506 /* Storage */,
				F762CAAA22619C5E00947AED /* Info.plist */,
			);
			path = FootballGatherTests;
			sourceTree = "<group>";
		};
		F762CAB322619C7F00947AED /* ViewControllers */ = {
			isa = PBXGroup;
			children = (
				F762CA9222619C5C00947AED /* ViewController.swift */,
			);
			path = ViewControllers;
			sourceTree = "<group>";
		};
		F762CAB422619C8900947AED /* Views */ = {
			isa = PBXGroup;
			children = (
				F762CA9422619C5C00947AED /* Main.storyboard */,
				F762CA9C22619C5E00947AED /* LaunchScreen.storyboard */,
			);
			path = Views;
			sourceTree = "<group>";
		};
		F762CAB522619C8D00947AED /* Models */ = {
			isa = PBXGroup;
			children = (
				F762CA9722619C5C00947AED /* FootballGather.xcdatamodeld */,
				F762CAC72261A23300947AED /* CoreDataStore.swift */,
				F7034C4D22891C120003F506 /* User.swift */,
				F7034C4B22891C120003F506 /* Player.swift */,
				F7034C4F22891C120003F506 /* Gather.swift */,
			);
			path = Models;
			sourceTree = "<group>";
		};
		F762CAB622619C9200947AED /* Supporting files */ = {
			isa = PBXGroup;
			children = (
				F762CA9A22619C5E00947AED /* Assets.xcassets */,
				F762CA9F22619C5E00947AED /* Info.plist */,
			);
			path = "Supporting files";
			sourceTree = "<group>";
		};
		F772265322620DD000445F67 /* Networking */ = {
			isa = PBXGroup;
			children = (
				F77226582262248800445F67 /* NetworkSession.swift */,
				F7E0D91E22644534002F4CE1 /* URLRequestFactory.swift */,
				F772265422620F8600445F67 /* CreateUserService.swift */,
				F7ABD0AF2264702200AAEA87 /* LoginService.swift */,
				F7D0B7AE22632F310059AA51 /* GetPlayersService.swift */,
			);
			path = Networking;
			sourceTree = "<group>";
		};
		F782C8912261D7AD0045EB2C /* CoreData */ = {
			isa = PBXGroup;
			children = (
				F782C8922261D7F90045EB2C /* CoreDataStoreTests.swift */,
			);
			path = CoreData;
			sourceTree = "<group>";
		};
		F782C8942261E10F0045EB2C /* Mocks */ = {
			isa = PBXGroup;
			children = (
				F782C8952261E11C0045EB2C /* CoreDataStoreMock.swift */,
				F782C8972261EC3E0045EB2C /* TestConfigurator.swift */,
			);
			path = Mocks;
			sourceTree = "<group>";
		};
		F7ABD0B122648C9F00AAEA87 /* Storage */ = {
			isa = PBXGroup;
			children = (
				F7034C4422890DF40003F506 /* FootballGatherUserDefaults.swift */,
				F7034C4622890E340003F506 /* UserDefaultsWrapper.swift */,
				F7ABD0B222648CCE00AAEA87 /* FootballGatherKeychain.swift */,
				F7BF3B4E2280575E00F33913 /* KeychainWrapper.swift */,
				F7BF3B5022805BA300F33913 /* KeychainQueryFactory.swift */,
				F7BF3B4C227ED0C600F33913 /* KeyValueStorage.swift */,
			);
			path = Storage;
			sourceTree = "<group>";
		};
/* End PBXGroup section */

/* Begin PBXNativeTarget section */
		F762CA8C22619C5C00947AED /* FootballGather */ = {
			isa = PBXNativeTarget;
			buildConfigurationList = F762CAAD22619C5E00947AED /* Build configuration list for PBXNativeTarget "FootballGather" */;
			buildPhases = (
				F762CA8922619C5C00947AED /* Sources */,
				F762CA8A22619C5C00947AED /* Frameworks */,
				F762CA8B22619C5C00947AED /* Resources */,
			);
			buildRules = (
			);
			dependencies = (
			);
			name = FootballGather;
			productName = FootballGather;
			productReference = F762CA8D22619C5C00947AED /* FootballGather.app */;
			productType = "com.apple.product-type.application";
		};
		F762CAA322619C5E00947AED /* FootballGatherTests */ = {
			isa = PBXNativeTarget;
			buildConfigurationList = F762CAB022619C5E00947AED /* Build configuration list for PBXNativeTarget "FootballGatherTests" */;
			buildPhases = (
				F762CAA022619C5E00947AED /* Sources */,
				F762CAA122619C5E00947AED /* Frameworks */,
				F762CAA222619C5E00947AED /* Resources */,
				F7D0B7AD226286490059AA51 /* ShellScript */,
			);
			buildRules = (
			);
			dependencies = (
				F762CAA622619C5E00947AED /* PBXTargetDependency */,
			);
			name = FootballGatherTests;
			productName = FootballGatherTests;
			productReference = F762CAA422619C5E00947AED /* FootballGatherTests.xctest */;
			productType = "com.apple.product-type.bundle.unit-test";
		};
/* End PBXNativeTarget section */

/* Begin PBXProject section */
		F762CA8522619C5C00947AED /* Project object */ = {
			isa = PBXProject;
			attributes = {
				LastSwiftUpdateCheck = 1020;
				LastUpgradeCheck = 1020;
				ORGANIZATIONNAME = "Radu Dan";
				TargetAttributes = {
					F762CA8C22619C5C00947AED = {
						CreatedOnToolsVersion = 10.2;
					};
					F762CAA322619C5E00947AED = {
						CreatedOnToolsVersion = 10.2;
						LastSwiftMigration = 1020;
						TestTargetID = F762CA8C22619C5C00947AED;
					};
				};
			};
			buildConfigurationList = F762CA8822619C5C00947AED /* Build configuration list for PBXProject "FootballGather" */;
			compatibilityVersion = "Xcode 9.3";
			developmentRegion = en;
			hasScannedForEncodings = 0;
			knownRegions = (
				en,
				Base,
			);
			mainGroup = F762CA8422619C5C00947AED;
			productRefGroup = F762CA8E22619C5C00947AED /* Products */;
			projectDirPath = "";
			projectRoot = "";
			targets = (
				F762CA8C22619C5C00947AED /* FootballGather */,
				F762CAA322619C5E00947AED /* FootballGatherTests */,
			);
		};
/* End PBXProject section */

/* Begin PBXResourcesBuildPhase section */
		F762CA8B22619C5C00947AED /* Resources */ = {
			isa = PBXResourcesBuildPhase;
			buildActionMask = 2147483647;
			files = (
				F762CA9E22619C5E00947AED /* LaunchScreen.storyboard in Resources */,
				F762CA9B22619C5E00947AED /* Assets.xcassets in Resources */,
				F762CA9622619C5C00947AED /* Main.storyboard in Resources */,
			);
			runOnlyForDeploymentPostprocessing = 0;
		};
		F762CAA222619C5E00947AED /* Resources */ = {
			isa = PBXResourcesBuildPhase;
			buildActionMask = 2147483647;
			files = (
			);
			runOnlyForDeploymentPostprocessing = 0;
		};
/* End PBXResourcesBuildPhase section */

/* Begin PBXShellScriptBuildPhase section */
		F7D0B7AD226286490059AA51 /* ShellScript */ = {
			isa = PBXShellScriptBuildPhase;
			buildActionMask = 2147483647;
			files = (
			);
			inputFileListPaths = (
			);
			inputPaths = (
			);
			outputFileListPaths = (
			);
			outputPaths = (
			);
			runOnlyForDeploymentPostprocessing = 0;
			shellPath = /bin/sh;
			shellScript = "#cd \"/${SRCROOT}/_stubs\"\n\n#osascript run-wiremocks.applescript \"/${SRCROOT}/_stubs\"\n";
		};
/* End PBXShellScriptBuildPhase section */

/* Begin PBXSourcesBuildPhase section */
		F762CA8922619C5C00947AED /* Sources */ = {
			isa = PBXSourcesBuildPhase;
			buildActionMask = 2147483647;
			files = (
				F77226592262248800445F67 /* NetworkSession.swift in Sources */,
				F762CA9322619C5C00947AED /* ViewController.swift in Sources */,
				F7E0D91F22644534002F4CE1 /* URLRequestFactory.swift in Sources */,
				F762CA9922619C5C00947AED /* FootballGather.xcdatamodeld in Sources */,
				F7D0B7AF22632F310059AA51 /* GetPlayersService.swift in Sources */,
				F7ABD0B02264702200AAEA87 /* LoginService.swift in Sources */,
				F7034C4522890DF40003F506 /* FootballGatherUserDefaults.swift in Sources */,
				F772265522620F8600445F67 /* CreateUserService.swift in Sources */,
				F7034C4722890E340003F506 /* UserDefaultsWrapper.swift in Sources */,
				F7BF3B4F2280575E00F33913 /* KeychainWrapper.swift in Sources */,
				F7034C5C22891C1B0003F506 /* Player.swift in Sources */,
				F7BF3B5122805BA300F33913 /* KeychainQueryFactory.swift in Sources */,
				F762CAC82261A23300947AED /* CoreDataStore.swift in Sources */,
				F7034C5B22891C1B0003F506 /* User.swift in Sources */,
				F7034C5A22891C1B0003F506 /* Gather.swift in Sources */,
				F7ABD0B322648CCE00AAEA87 /* FootballGatherKeychain.swift in Sources */,
				F762CA9122619C5C00947AED /* AppDelegate.swift in Sources */,
				F7BF3B4D227ED0C600F33913 /* KeyValueStorage.swift in Sources */,
			);
			runOnlyForDeploymentPostprocessing = 0;
		};
		F762CAA022619C5E00947AED /* Sources */ = {
			isa = PBXSourcesBuildPhase;
			buildActionMask = 2147483647;
			files = (
				F782C8932261D7F90045EB2C /* CoreDataStoreTests.swift in Sources */,
				F782C8992261F4640045EB2C /* FootballGather.xcdatamodeld in Sources */,
				F7034C4A2289192E0003F506 /* KeychainQueryFactoryTests.swift in Sources */,
				F7034C7A228A79060003F506 /* FootbalGatherKeychainTests.swift in Sources */,
				F7034C7C228A7BA00003F506 /* UserDefaultsWrapperTests.swift in Sources */,
				F782C8982261EC3E0045EB2C /* TestConfigurator.swift in Sources */,
				F7034C7E228A9CC70003F506 /* FootballGatherUserDefaultsTests.swift in Sources */,
				F782C8962261E11C0045EB2C /* CoreDataStoreMock.swift in Sources */,
				F7034C76228920AD0003F506 /* KeychainWrapperTests.swift in Sources */,
			);
			runOnlyForDeploymentPostprocessing = 0;
		};
/* End PBXSourcesBuildPhase section */

/* Begin PBXTargetDependency section */
		F762CAA622619C5E00947AED /* PBXTargetDependency */ = {
			isa = PBXTargetDependency;
			target = F762CA8C22619C5C00947AED /* FootballGather */;
			targetProxy = F762CAA522619C5E00947AED /* PBXContainerItemProxy */;
		};
/* End PBXTargetDependency section */

/* Begin PBXVariantGroup section */
		F762CA9422619C5C00947AED /* Main.storyboard */ = {
			isa = PBXVariantGroup;
			children = (
				F762CA9522619C5C00947AED /* Base */,
			);
			name = Main.storyboard;
			sourceTree = "<group>";
		};
		F762CA9C22619C5E00947AED /* LaunchScreen.storyboard */ = {
			isa = PBXVariantGroup;
			children = (
				F762CA9D22619C5E00947AED /* Base */,
			);
			name = LaunchScreen.storyboard;
			sourceTree = "<group>";
		};
/* End PBXVariantGroup section */

/* Begin XCBuildConfiguration section */
		F762CAAB22619C5E00947AED /* Debug */ = {
			isa = XCBuildConfiguration;
			buildSettings = {
				ALWAYS_SEARCH_USER_PATHS = NO;
				CLANG_ANALYZER_NONNULL = YES;
				CLANG_ANALYZER_NUMBER_OBJECT_CONVERSION = YES_AGGRESSIVE;
				CLANG_CXX_LANGUAGE_STANDARD = "gnu++14";
				CLANG_CXX_LIBRARY = "libc++";
				CLANG_ENABLE_MODULES = YES;
				CLANG_ENABLE_OBJC_ARC = YES;
				CLANG_ENABLE_OBJC_WEAK = YES;
				CLANG_WARN_BLOCK_CAPTURE_AUTORELEASING = YES;
				CLANG_WARN_BOOL_CONVERSION = YES;
				CLANG_WARN_COMMA = YES;
				CLANG_WARN_CONSTANT_CONVERSION = YES;
				CLANG_WARN_DEPRECATED_OBJC_IMPLEMENTATIONS = YES;
				CLANG_WARN_DIRECT_OBJC_ISA_USAGE = YES_ERROR;
				CLANG_WARN_DOCUMENTATION_COMMENTS = YES;
				CLANG_WARN_EMPTY_BODY = YES;
				CLANG_WARN_ENUM_CONVERSION = YES;
				CLANG_WARN_INFINITE_RECURSION = YES;
				CLANG_WARN_INT_CONVERSION = YES;
				CLANG_WARN_NON_LITERAL_NULL_CONVERSION = YES;
				CLANG_WARN_OBJC_IMPLICIT_RETAIN_SELF = YES;
				CLANG_WARN_OBJC_LITERAL_CONVERSION = YES;
				CLANG_WARN_OBJC_ROOT_CLASS = YES_ERROR;
				CLANG_WARN_RANGE_LOOP_ANALYSIS = YES;
				CLANG_WARN_STRICT_PROTOTYPES = YES;
				CLANG_WARN_SUSPICIOUS_MOVE = YES;
				CLANG_WARN_UNGUARDED_AVAILABILITY = YES_AGGRESSIVE;
				CLANG_WARN_UNREACHABLE_CODE = YES;
				CLANG_WARN__DUPLICATE_METHOD_MATCH = YES;
				CODE_SIGN_IDENTITY = "iPhone Developer";
				COPY_PHASE_STRIP = NO;
				DEBUG_INFORMATION_FORMAT = dwarf;
				ENABLE_STRICT_OBJC_MSGSEND = YES;
				ENABLE_TESTABILITY = YES;
				GCC_C_LANGUAGE_STANDARD = gnu11;
				GCC_DYNAMIC_NO_PIC = NO;
				GCC_NO_COMMON_BLOCKS = YES;
				GCC_OPTIMIZATION_LEVEL = 0;
				GCC_PREPROCESSOR_DEFINITIONS = (
					"DEBUG=1",
					"$(inherited)",
				);
				GCC_WARN_64_TO_32_BIT_CONVERSION = YES;
				GCC_WARN_ABOUT_RETURN_TYPE = YES_ERROR;
				GCC_WARN_UNDECLARED_SELECTOR = YES;
				GCC_WARN_UNINITIALIZED_AUTOS = YES_AGGRESSIVE;
				GCC_WARN_UNUSED_FUNCTION = YES;
				GCC_WARN_UNUSED_VARIABLE = YES;
				IPHONEOS_DEPLOYMENT_TARGET = 12.2;
				MTL_ENABLE_DEBUG_INFO = INCLUDE_SOURCE;
				MTL_FAST_MATH = YES;
				ONLY_ACTIVE_ARCH = YES;
				SDKROOT = iphoneos;
				SWIFT_ACTIVE_COMPILATION_CONDITIONS = DEBUG;
				SWIFT_OPTIMIZATION_LEVEL = "-Onone";
			};
			name = Debug;
		};
		F762CAAC22619C5E00947AED /* Release */ = {
			isa = XCBuildConfiguration;
			buildSettings = {
				ALWAYS_SEARCH_USER_PATHS = NO;
				CLANG_ANALYZER_NONNULL = YES;
				CLANG_ANALYZER_NUMBER_OBJECT_CONVERSION = YES_AGGRESSIVE;
				CLANG_CXX_LANGUAGE_STANDARD = "gnu++14";
				CLANG_CXX_LIBRARY = "libc++";
				CLANG_ENABLE_MODULES = YES;
				CLANG_ENABLE_OBJC_ARC = YES;
				CLANG_ENABLE_OBJC_WEAK = YES;
				CLANG_WARN_BLOCK_CAPTURE_AUTORELEASING = YES;
				CLANG_WARN_BOOL_CONVERSION = YES;
				CLANG_WARN_COMMA = YES;
				CLANG_WARN_CONSTANT_CONVERSION = YES;
				CLANG_WARN_DEPRECATED_OBJC_IMPLEMENTATIONS = YES;
				CLANG_WARN_DIRECT_OBJC_ISA_USAGE = YES_ERROR;
				CLANG_WARN_DOCUMENTATION_COMMENTS = YES;
				CLANG_WARN_EMPTY_BODY = YES;
				CLANG_WARN_ENUM_CONVERSION = YES;
				CLANG_WARN_INFINITE_RECURSION = YES;
				CLANG_WARN_INT_CONVERSION = YES;
				CLANG_WARN_NON_LITERAL_NULL_CONVERSION = YES;
				CLANG_WARN_OBJC_IMPLICIT_RETAIN_SELF = YES;
				CLANG_WARN_OBJC_LITERAL_CONVERSION = YES;
				CLANG_WARN_OBJC_ROOT_CLASS = YES_ERROR;
				CLANG_WARN_RANGE_LOOP_ANALYSIS = YES;
				CLANG_WARN_STRICT_PROTOTYPES = YES;
				CLANG_WARN_SUSPICIOUS_MOVE = YES;
				CLANG_WARN_UNGUARDED_AVAILABILITY = YES_AGGRESSIVE;
				CLANG_WARN_UNREACHABLE_CODE = YES;
				CLANG_WARN__DUPLICATE_METHOD_MATCH = YES;
				CODE_SIGN_IDENTITY = "iPhone Developer";
				COPY_PHASE_STRIP = NO;
				DEBUG_INFORMATION_FORMAT = "dwarf-with-dsym";
				ENABLE_NS_ASSERTIONS = NO;
				ENABLE_STRICT_OBJC_MSGSEND = YES;
				GCC_C_LANGUAGE_STANDARD = gnu11;
				GCC_NO_COMMON_BLOCKS = YES;
				GCC_WARN_64_TO_32_BIT_CONVERSION = YES;
				GCC_WARN_ABOUT_RETURN_TYPE = YES_ERROR;
				GCC_WARN_UNDECLARED_SELECTOR = YES;
				GCC_WARN_UNINITIALIZED_AUTOS = YES_AGGRESSIVE;
				GCC_WARN_UNUSED_FUNCTION = YES;
				GCC_WARN_UNUSED_VARIABLE = YES;
				IPHONEOS_DEPLOYMENT_TARGET = 12.2;
				MTL_ENABLE_DEBUG_INFO = NO;
				MTL_FAST_MATH = YES;
				SDKROOT = iphoneos;
				SWIFT_COMPILATION_MODE = wholemodule;
				SWIFT_OPTIMIZATION_LEVEL = "-O";
				VALIDATE_PRODUCT = YES;
			};
			name = Release;
		};
		F762CAAE22619C5E00947AED /* Debug */ = {
			isa = XCBuildConfiguration;
			buildSettings = {
				ASSETCATALOG_COMPILER_APPICON_NAME = AppIcon;
				CODE_SIGN_STYLE = Automatic;
				INFOPLIST_FILE = "$(SRCROOT)/FootballGather/Supporting files/Info.plist";
				LD_RUNPATH_SEARCH_PATHS = (
					"$(inherited)",
					"@executable_path/Frameworks",
				);
				PRODUCT_BUNDLE_IDENTIFIER = rdan.FootballGather;
				PRODUCT_NAME = "$(TARGET_NAME)";
				SWIFT_VERSION = 5.0;
				TARGETED_DEVICE_FAMILY = "1,2";
			};
			name = Debug;
		};
		F762CAAF22619C5E00947AED /* Release */ = {
			isa = XCBuildConfiguration;
			buildSettings = {
				ASSETCATALOG_COMPILER_APPICON_NAME = AppIcon;
				CODE_SIGN_STYLE = Automatic;
				INFOPLIST_FILE = "$(SRCROOT)/FootballGather/Supporting files/Info.plist";
				LD_RUNPATH_SEARCH_PATHS = (
					"$(inherited)",
					"@executable_path/Frameworks",
				);
				PRODUCT_BUNDLE_IDENTIFIER = rdan.FootballGather;
				PRODUCT_NAME = "$(TARGET_NAME)";
				SWIFT_VERSION = 5.0;
				TARGETED_DEVICE_FAMILY = "1,2";
			};
			name = Release;
		};
		F762CAB122619C5E00947AED /* Debug */ = {
			isa = XCBuildConfiguration;
			buildSettings = {
				ALWAYS_EMBED_SWIFT_STANDARD_LIBRARIES = YES;
				BUNDLE_LOADER = "$(TEST_HOST)";
				CLANG_ENABLE_MODULES = YES;
				CODE_SIGN_STYLE = Automatic;
				INFOPLIST_FILE = FootballGatherTests/Info.plist;
				LD_RUNPATH_SEARCH_PATHS = (
					"$(inherited)",
					"@executable_path/Frameworks",
					"@loader_path/Frameworks",
				);
				PRODUCT_BUNDLE_IDENTIFIER = rdan.FootballGatherTests;
				PRODUCT_NAME = "$(TARGET_NAME)";
				SWIFT_OPTIMIZATION_LEVEL = "-Onone";
				SWIFT_VERSION = 5.0;
				TARGETED_DEVICE_FAMILY = "1,2";
				TEST_HOST = "$(BUILT_PRODUCTS_DIR)/FootballGather.app/FootballGather";
			};
			name = Debug;
		};
		F762CAB222619C5E00947AED /* Release */ = {
			isa = XCBuildConfiguration;
			buildSettings = {
				ALWAYS_EMBED_SWIFT_STANDARD_LIBRARIES = YES;
				BUNDLE_LOADER = "$(TEST_HOST)";
				CLANG_ENABLE_MODULES = YES;
				CODE_SIGN_STYLE = Automatic;
				INFOPLIST_FILE = FootballGatherTests/Info.plist;
				LD_RUNPATH_SEARCH_PATHS = (
					"$(inherited)",
					"@executable_path/Frameworks",
					"@loader_path/Frameworks",
				);
				PRODUCT_BUNDLE_IDENTIFIER = rdan.FootballGatherTests;
				PRODUCT_NAME = "$(TARGET_NAME)";
				SWIFT_VERSION = 5.0;
				TARGETED_DEVICE_FAMILY = "1,2";
				TEST_HOST = "$(BUILT_PRODUCTS_DIR)/FootballGather.app/FootballGather";
			};
			name = Release;
		};
/* End XCBuildConfiguration section */

/* Begin XCConfigurationList section */
		F762CA8822619C5C00947AED /* Build configuration list for PBXProject "FootballGather" */ = {
			isa = XCConfigurationList;
			buildConfigurations = (
				F762CAAB22619C5E00947AED /* Debug */,
				F762CAAC22619C5E00947AED /* Release */,
			);
			defaultConfigurationIsVisible = 0;
			defaultConfigurationName = Release;
		};
		F762CAAD22619C5E00947AED /* Build configuration list for PBXNativeTarget "FootballGather" */ = {
			isa = XCConfigurationList;
			buildConfigurations = (
				F762CAAE22619C5E00947AED /* Debug */,
				F762CAAF22619C5E00947AED /* Release */,
			);
			defaultConfigurationIsVisible = 0;
			defaultConfigurationName = Release;
		};
		F762CAB022619C5E00947AED /* Build configuration list for PBXNativeTarget "FootballGatherTests" */ = {
			isa = XCConfigurationList;
			buildConfigurations = (
				F762CAB122619C5E00947AED /* Debug */,
				F762CAB222619C5E00947AED /* Release */,
			);
			defaultConfigurationIsVisible = 0;
			defaultConfigurationName = Release;
		};
/* End XCConfigurationList section */

/* Begin XCVersionGroup section */
		F762CA9722619C5C00947AED /* FootballGather.xcdatamodeld */ = {
			isa = XCVersionGroup;
			children = (
				F762CA9822619C5C00947AED /* FootballGather.xcdatamodel */,
			);
			currentVersion = F762CA9822619C5C00947AED /* FootballGather.xcdatamodel */;
			path = FootballGather.xcdatamodeld;
			sourceTree = "<group>";
			versionGroupType = wrapper.xcdatamodel;
		};
/* End XCVersionGroup section */
	};
	rootObject = F762CA8522619C5C00947AED /* Project object */;
}
